
Microsoft Visual Studio Solution File, Format Version 12.00
# Visual Studio Version 17
VisualStudioVersion = 17.1.32228.430
MinimumVisualStudioVersion = 10.0.40219.1
Project("{FAE04EC0-301F-11D3-BF4B-00C04F79EFBC}") = "ABM_CINE_FINAL", "ABM_CINE_FINAL.csproj", "{1C0FD51C-6097-4E6F-BA47-4B2B55C0D755}"
EndProject
Global
	GlobalSection(SolutionConfigurationPlatforms) = preSolution
		Debug|Any CPU = Debug|Any CPU
		Release|Any CPU = Release|Any CPU
	EndGlobalSection
	GlobalSection(ProjectConfigurationPlatforms) = postSolution
		{1C0FD51C-6097-4E6F-BA47-4B2B55C0D755}.Debug|Any CPU.ActiveCfg = Debug|Any CPU
		{1C0FD51C-6097-4E6F-BA47-4B2B55C0D755}.Debug|Any CPU.Build.0 = Debug|Any CPU
		{1C0FD51C-6097-4E6F-BA47-4B2B55C0D755}.Release|Any CPU.ActiveCfg = Release|Any CPU
		{1C0FD51C-6097-4E6F-BA47-4B2B55C0D755}.Release|Any CPU.Build.0 = Release|Any CPU
	EndGlobalSection
	GlobalSection(SolutionProperties) = preSolution
		HideSolutionNode = FALSE
	EndGlobalSection
	GlobalSection(ExtensibilityGlobals) = postSolution
		SolutionGuid = {78F611BB-8EA7-4906-9E64-CA9D86B7D883}
	EndGlobalSection
EndGlobal
